
Microsoft Visual Studio Solution File, Format Version 12.00
# Visual Studio Version 17
VisualStudioVersion = 17.8.34330.188
MinimumVisualStudioVersion = 10.0.40219.1
Project("{9A19103F-16F7-4668-BE54-9A1E7A4F7556}") = "MembershipManagement.Web", "MembershipManagement.Web\MembershipManagement.Web.csproj", "{1B05FF95-AABD-442F-85A0-7A859B1FF797}"
EndProject
Project("{9A19103F-16F7-4668-BE54-9A1E7A4F7556}") = "MembershipManagement.Application", "MembershipManagement.Application\MembershipManagement.Application.csproj", "{FDB7BC02-A348-4462-B766-3CA8A6C095DF}"
EndProject
Project("{9A19103F-16F7-4668-BE54-9A1E7A4F7556}") = "MembershipManagement.Domain", "MembershipManagement.Domain\MembershipManagement.Domain.csproj", "{7E6BE17C-8E40-4FE3-92CA-820A21BCA3E1}"
EndProject
Project("{9A19103F-16F7-4668-BE54-9A1E7A4F7556}") = "MembershipManagement.Infrastructure", "MembershipManagement.Infrastructure\MembershipManagement.Infrastructure.csproj", "{213E503E-B404-48C5-A96B-D785A58FD4D2}"
EndProject
Project("{9A19103F-16F7-4668-BE54-9A1E7A4F7556}") = "WebApplication1", "WebApplication1\WebApplication1.csproj", "{1FCAD127-35A9-44FD-AB86-FBC54D648271}"
EndProject
Project("{9A19103F-16F7-4668-BE54-9A1E7A4F7556}") = "WebApplication2", "WebApplication2\WebApplication2.csproj", "{94314EA7-F9CE-42B0-A2ED-6C3E7B024BFC}"
EndProject
Project("{9A19103F-16F7-4668-BE54-9A1E7A4F7556}") = "WebApplication3", "WebApplication3\WebApplication3.csproj", "{35F16498-59D5-40F8-9B3C-00D2897C2B54}"
EndProject
Project("{9A19103F-16F7-4668-BE54-9A1E7A4F7556}") = "WebApplication4", "WebApplication4\WebApplication4.csproj", "{7F714388-B4B6-418A-B29E-E186B61437A6}"
EndProject
Project("{FAE04EC0-301F-11D3-BF4B-00C04F79EFBC}") = "WebApplication5", "WebApplication5\WebApplication5.csproj", "{A9ED9246-3CE1-4985-8556-350D0B805274}"
EndProject
Global
	GlobalSection(SolutionConfigurationPlatforms) = preSolution
		Debug|Any CPU = Debug|Any CPU
		Release|Any CPU = Release|Any CPU
	EndGlobalSection
	GlobalSection(ProjectConfigurationPlatforms) = postSolution
		{1B05FF95-AABD-442F-85A0-7A859B1FF797}.Debug|Any CPU.ActiveCfg = Debug|Any CPU
		{1B05FF95-AABD-442F-85A0-7A859B1FF797}.Debug|Any CPU.Build.0 = Debug|Any CPU
		{1B05FF95-AABD-442F-85A0-7A859B1FF797}.Release|Any CPU.ActiveCfg = Release|Any CPU
		{1B05FF95-AABD-442F-85A0-7A859B1FF797}.Release|Any CPU.Build.0 = Release|Any CPU
		{FDB7BC02-A348-4462-B766-3CA8A6C095DF}.Debug|Any CPU.ActiveCfg = Debug|Any CPU
		{FDB7BC02-A348-4462-B766-3CA8A6C095DF}.Debug|Any CPU.Build.0 = Debug|Any CPU
		{FDB7BC02-A348-4462-B766-3CA8A6C095DF}.Release|Any CPU.ActiveCfg = Release|Any CPU
		{FDB7BC02-A348-4462-B766-3CA8A6C095DF}.Release|Any CPU.Build.0 = Release|Any CPU
		{7E6BE17C-8E40-4FE3-92CA-820A21BCA3E1}.Debug|Any CPU.ActiveCfg = Debug|Any CPU
		{7E6BE17C-8E40-4FE3-92CA-820A21BCA3E1}.Debug|Any CPU.Build.0 = Debug|Any CPU
		{7E6BE17C-8E40-4FE3-92CA-820A21BCA3E1}.Release|Any CPU.ActiveCfg = Release|Any CPU
		{7E6BE17C-8E40-4FE3-92CA-820A21BCA3E1}.Release|Any CPU.Build.0 = Release|Any CPU
		{213E503E-B404-48C5-A96B-D785A58FD4D2}.Debug|Any CPU.ActiveCfg = Debug|Any CPU
		{213E503E-B404-48C5-A96B-D785A58FD4D2}.Debug|Any CPU.Build.0 = Debug|Any CPU
		{213E503E-B404-48C5-A96B-D785A58FD4D2}.Release|Any CPU.ActiveCfg = Release|Any CPU
		{213E503E-B404-48C5-A96B-D785A58FD4D2}.Release|Any CPU.Build.0 = Release|Any CPU
		{1FCAD127-35A9-44FD-AB86-FBC54D648271}.Debug|Any CPU.ActiveCfg = Debug|Any CPU
		{1FCAD127-35A9-44FD-AB86-FBC54D648271}.Debug|Any CPU.Build.0 = Debug|Any CPU
		{1FCAD127-35A9-44FD-AB86-FBC54D648271}.Release|Any CPU.ActiveCfg = Release|Any CPU
		{1FCAD127-35A9-44FD-AB86-FBC54D648271}.Release|Any CPU.Build.0 = Release|Any CPU
		{94314EA7-F9CE-42B0-A2ED-6C3E7B024BFC}.Debug|Any CPU.ActiveCfg = Debug|Any CPU
		{94314EA7-F9CE-42B0-A2ED-6C3E7B024BFC}.Debug|Any CPU.Build.0 = Debug|Any CPU
		{94314EA7-F9CE-42B0-A2ED-6C3E7B024BFC}.Release|Any CPU.ActiveCfg = Release|Any CPU
		{94314EA7-F9CE-42B0-A2ED-6C3E7B024BFC}.Release|Any CPU.Build.0 = Release|Any CPU
		{35F16498-59D5-40F8-9B3C-00D2897C2B54}.Debug|Any CPU.ActiveCfg = Debug|Any CPU
		{35F16498-59D5-40F8-9B3C-00D2897C2B54}.Debug|Any CPU.Build.0 = Debug|Any CPU
		{35F16498-59D5-40F8-9B3C-00D2897C2B54}.Release|Any CPU.ActiveCfg = Release|Any CPU
		{35F16498-59D5-40F8-9B3C-00D2897C2B54}.Release|Any CPU.Build.0 = Release|Any CPU
		{7F714388-B4B6-418A-B29E-E186B61437A6}.Debug|Any CPU.ActiveCfg = Debug|Any CPU
		{7F714388-B4B6-418A-B29E-E186B61437A6}.Debug|Any CPU.Build.0 = Debug|Any CPU
		{7F714388-B4B6-418A-B29E-E186B61437A6}.Release|Any CPU.ActiveCfg = Release|Any CPU
		{7F714388-B4B6-418A-B29E-E186B61437A6}.Release|Any CPU.Build.0 = Release|Any CPU
		{A9ED9246-3CE1-4985-8556-350D0B805274}.Debug|Any CPU.ActiveCfg = Debug|Any CPU
		{A9ED9246-3CE1-4985-8556-350D0B805274}.Debug|Any CPU.Build.0 = Debug|Any CPU
		{A9ED9246-3CE1-4985-8556-350D0B805274}.Release|Any CPU.ActiveCfg = Release|Any CPU
		{A9ED9246-3CE1-4985-8556-350D0B805274}.Release|Any CPU.Build.0 = Release|Any CPU
	EndGlobalSection
	GlobalSection(SolutionProperties) = preSolution
		HideSolutionNode = FALSE
	EndGlobalSection
	GlobalSection(ExtensibilityGlobals) = postSolution
		SolutionGuid = {7F665E03-C798-4AE5-885C-B74E5000297A}
	EndGlobalSection
EndGlobal
